
Microsoft Visual Studio Solution File, Format Version 12.00
# Visual Studio Version 16
VisualStudioVersion = 16.0.28729.10
MinimumVisualStudioVersion = 10.0.40219.1
Project("{FAE04EC0-301F-11D3-BF4B-00C04F79EFBC}") = "Lab12", "Lab12.csproj", "{D401A554-CEF6-44FF-B450-6DBD387B4A2E}"
EndProject
Global
	GlobalSection(SolutionConfigurationPlatforms) = preSolution
		Debug|Any CPU = Debug|Any CPU
		Release|Any CPU = Release|Any CPU
	EndGlobalSection
	GlobalSection(ProjectConfigurationPlatforms) = postSolution
		{D401A554-CEF6-44FF-B450-6DBD387B4A2E}.Debug|Any CPU.ActiveCfg = Debug|Any CPU
		{D401A554-CEF6-44FF-B450-6DBD387B4A2E}.Debug|Any CPU.Build.0 = Debug|Any CPU
		{D401A554-CEF6-44FF-B450-6DBD387B4A2E}.Release|Any CPU.ActiveCfg = Release|Any CPU
		{D401A554-CEF6-44FF-B450-6DBD387B4A2E}.Release|Any CPU.Build.0 = Release|Any CPU
	EndGlobalSection
	GlobalSection(SolutionProperties) = preSolution
		HideSolutionNode = FALSE
	EndGlobalSection
	GlobalSection(ExtensibilityGlobals) = postSolution
		SolutionGuid = {4FBF10D2-E0C7-4530-901F-B878B5442CF5}
	EndGlobalSection
EndGlobal
